
Microsoft Visual Studio Solution File, Format Version 12.00
Project("{FAE04EC0-301F-11D3-BF4B-00C04F79EFBC}") = "HelloCoffee", "HelloCoffee\HelloCoffee.csproj", "{6164AAA1-3A19-4502-9FF5-4AEE4F05A1C0}"
EndProject
Project("{FAE04EC0-301F-11D3-BF4B-00C04F79EFBC}") = "HelloCoffeeApi", "HelloCoffeeApi\HelloCoffeeApi.csproj", "{A9CC2811-36E7-47B9-9815-30466A062439}"
EndProject
Project("{2150E333-8FDC-42A3-9474-1A3956D46DE8}") = "Solution Items", "Solution Items", "{8544B93B-C225-473F-BBA2-AB7AAC90775B}"
	ProjectSection(SolutionItems) = preProject
		docker-compose.yml = docker-compose.yml
	EndProjectSection
EndProject
Project("{FAE04EC0-301F-11D3-BF4B-00C04F79EFBC}") = "HelloCoffeeApiClient", "HelloCoffeeApiClient\HelloCoffeeApiClient.csproj", "{0F5B17F5-2D3E-4906-8B50-283ADF9DD226}"
EndProject
Global
	GlobalSection(SolutionConfigurationPlatforms) = preSolution
		Debug|Any CPU = Debug|Any CPU
		Release|Any CPU = Release|Any CPU
	EndGlobalSection
	GlobalSection(ProjectConfigurationPlatforms) = postSolution
		{6164AAA1-3A19-4502-9FF5-4AEE4F05A1C0}.Debug|Any CPU.ActiveCfg = Debug|Any CPU
		{6164AAA1-3A19-4502-9FF5-4AEE4F05A1C0}.Debug|Any CPU.Build.0 = Debug|Any CPU
		{6164AAA1-3A19-4502-9FF5-4AEE4F05A1C0}.Release|Any CPU.ActiveCfg = Release|Any CPU
		{6164AAA1-3A19-4502-9FF5-4AEE4F05A1C0}.Release|Any CPU.Build.0 = Release|Any CPU
		{A9CC2811-36E7-47B9-9815-30466A062439}.Debug|Any CPU.ActiveCfg = Debug|Any CPU
		{A9CC2811-36E7-47B9-9815-30466A062439}.Debug|Any CPU.Build.0 = Debug|Any CPU
		{A9CC2811-36E7-47B9-9815-30466A062439}.Release|Any CPU.ActiveCfg = Release|Any CPU
		{A9CC2811-36E7-47B9-9815-30466A062439}.Release|Any CPU.Build.0 = Release|Any CPU
		{0F5B17F5-2D3E-4906-8B50-283ADF9DD226}.Debug|Any CPU.ActiveCfg = Debug|Any CPU
		{0F5B17F5-2D3E-4906-8B50-283ADF9DD226}.Debug|Any CPU.Build.0 = Debug|Any CPU
		{0F5B17F5-2D3E-4906-8B50-283ADF9DD226}.Release|Any CPU.ActiveCfg = Release|Any CPU
		{0F5B17F5-2D3E-4906-8B50-283ADF9DD226}.Release|Any CPU.Build.0 = Release|Any CPU
	EndGlobalSection
EndGlobal
